// !$*UTF8*$!
{
	archiveVersion = 1;
	classes = {
	};
	objectVersion = 50;
	objects = {

/* Begin PBXBuildFile section */
		6FA0F33F21FFBF9F00368F3A /* AppDelegate.swift in Sources */ = {isa = PBXBuildFile; fileRef = 6FA0F33E21FFBF9F00368F3A /* AppDelegate.swift */; };
		6FA0F34721FFBF9F00368F3A /* RappiTest.xcdatamodeld in Sources */ = {isa = PBXBuildFile; fileRef = 6FA0F34521FFBF9F00368F3A /* RappiTest.xcdatamodeld */; };
		6FA0F34921FFBFA100368F3A /* Assets.xcassets in Resources */ = {isa = PBXBuildFile; fileRef = 6FA0F34821FFBFA100368F3A /* Assets.xcassets */; };
		6FA0F34C21FFBFA100368F3A /* LaunchScreen.storyboard in Resources */ = {isa = PBXBuildFile; fileRef = 6FA0F34A21FFBFA100368F3A /* LaunchScreen.storyboard */; };
		6FA0F35721FFBFA100368F3A /* RappiTestTests.swift in Sources */ = {isa = PBXBuildFile; fileRef = 6FA0F35621FFBFA100368F3A /* RappiTestTests.swift */; };
		6FA0F36221FFBFA100368F3A /* RappiTestUITests.swift in Sources */ = {isa = PBXBuildFile; fileRef = 6FA0F36121FFBFA100368F3A /* RappiTestUITests.swift */; };
		6FA0F37122005EC400368F3A /* ApiClient.swift in Sources */ = {isa = PBXBuildFile; fileRef = 6FA0F37022005EC400368F3A /* ApiClient.swift */; };
		6FA0F37322005F0900368F3A /* ApiClientRouter.swift in Sources */ = {isa = PBXBuildFile; fileRef = 6FA0F37222005F0900368F3A /* ApiClientRouter.swift */; };
		6FA0F37522005F2500368F3A /* Result.swift in Sources */ = {isa = PBXBuildFile; fileRef = 6FA0F37422005F2500368F3A /* Result.swift */; };
		6FA0F37B22005FBB00368F3A /* Movie.swift in Sources */ = {isa = PBXBuildFile; fileRef = 6FA0F37A22005FBB00368F3A /* Movie.swift */; };
		6FA0F37D220209FF00368F3A /* MovieCellViewModel.swift in Sources */ = {isa = PBXBuildFile; fileRef = 6FA0F37C220209FF00368F3A /* MovieCellViewModel.swift */; };
		6FA0F38022020B0600368F3A /* UITableView.swift in Sources */ = {isa = PBXBuildFile; fileRef = 6FA0F37F22020B0600368F3A /* UITableView.swift */; };
		6FA0F38222020B3D00368F3A /* UITableViewCell.swift in Sources */ = {isa = PBXBuildFile; fileRef = 6FA0F38122020B3D00368F3A /* UITableViewCell.swift */; };
		6FA0F38622022DA700368F3A /* MovieDetailViewController.xib in Resources */ = {isa = PBXBuildFile; fileRef = 6FA0F38422022DA700368F3A /* MovieDetailViewController.xib */; };
		6FA0F38722022DA700368F3A /* MovieDetailViewController.swift in Sources */ = {isa = PBXBuildFile; fileRef = 6FA0F38522022DA700368F3A /* MovieDetailViewController.swift */; };
		6FA0F3892202313700368F3A /* Navigator.swift in Sources */ = {isa = PBXBuildFile; fileRef = 6FA0F3882202313700368F3A /* Navigator.swift */; };
		9221A2892200DD3E00170330 /* MovieRequest.swift in Sources */ = {isa = PBXBuildFile; fileRef = 9221A2882200DD3E00170330 /* MovieRequest.swift */; };
		9221A28C2200EDC100170330 /* MovieService.swift in Sources */ = {isa = PBXBuildFile; fileRef = 9221A28B2200EDC100170330 /* MovieService.swift */; };
		9221A290220119CB00170330 /* MoviesListViewController.swift in Sources */ = {isa = PBXBuildFile; fileRef = 9221A28E220119CB00170330 /* MoviesListViewController.swift */; };
		9221A291220119CB00170330 /* MoviesListViewController.xib in Resources */ = {isa = PBXBuildFile; fileRef = 9221A28F220119CB00170330 /* MoviesListViewController.xib */; };
		9221A293220119E000170330 /* MoviesListViewModel.swift in Sources */ = {isa = PBXBuildFile; fileRef = 9221A292220119E000170330 /* MoviesListViewModel.swift */; };
		9221A29722011AE000170330 /* MovieCell.swift in Sources */ = {isa = PBXBuildFile; fileRef = 9221A29522011AE000170330 /* MovieCell.swift */; };
		9221A29822011AE000170330 /* MovieCell.xib in Resources */ = {isa = PBXBuildFile; fileRef = 9221A29622011AE000170330 /* MovieCell.xib */; };
/* End PBXBuildFile section */

/* Begin PBXContainerItemProxy section */
		6FA0F35321FFBFA100368F3A /* PBXContainerItemProxy */ = {
			isa = PBXContainerItemProxy;
			containerPortal = 6FA0F33321FFBF9E00368F3A /* Project object */;
			proxyType = 1;
			remoteGlobalIDString = 6FA0F33A21FFBF9F00368F3A;
			remoteInfo = RappiTest;
		};
		6FA0F35E21FFBFA100368F3A /* PBXContainerItemProxy */ = {
			isa = PBXContainerItemProxy;
			containerPortal = 6FA0F33321FFBF9E00368F3A /* Project object */;
			proxyType = 1;
			remoteGlobalIDString = 6FA0F33A21FFBF9F00368F3A;
			remoteInfo = RappiTest;
		};
/* End PBXContainerItemProxy section */

/* Begin PBXFileReference section */
		6FA0F33B21FFBF9F00368F3A /* RappiTest.app */ = {isa = PBXFileReference; explicitFileType = wrapper.application; includeInIndex = 0; path = RappiTest.app; sourceTree = BUILT_PRODUCTS_DIR; };
		6FA0F33E21FFBF9F00368F3A /* AppDelegate.swift */ = {isa = PBXFileReference; lastKnownFileType = sourcecode.swift; path = AppDelegate.swift; sourceTree = "<group>"; };
		6FA0F34621FFBF9F00368F3A /* RappiTest.xcdatamodel */ = {isa = PBXFileReference; lastKnownFileType = wrapper.xcdatamodel; path = RappiTest.xcdatamodel; sourceTree = "<group>"; };
		6FA0F34821FFBFA100368F3A /* Assets.xcassets */ = {isa = PBXFileReference; lastKnownFileType = folder.assetcatalog; path = Assets.xcassets; sourceTree = "<group>"; };
		6FA0F34B21FFBFA100368F3A /* Base */ = {isa = PBXFileReference; lastKnownFileType = file.storyboard; name = Base; path = Base.lproj/LaunchScreen.storyboard; sourceTree = "<group>"; };
		6FA0F34D21FFBFA100368F3A /* Info.plist */ = {isa = PBXFileReference; lastKnownFileType = text.plist.xml; path = Info.plist; sourceTree = "<group>"; };
		6FA0F35221FFBFA100368F3A /* RappiTestTests.xctest */ = {isa = PBXFileReference; explicitFileType = wrapper.cfbundle; includeInIndex = 0; path = RappiTestTests.xctest; sourceTree = BUILT_PRODUCTS_DIR; };
		6FA0F35621FFBFA100368F3A /* RappiTestTests.swift */ = {isa = PBXFileReference; lastKnownFileType = sourcecode.swift; path = RappiTestTests.swift; sourceTree = "<group>"; };
		6FA0F35821FFBFA100368F3A /* Info.plist */ = {isa = PBXFileReference; lastKnownFileType = text.plist.xml; path = Info.plist; sourceTree = "<group>"; };
		6FA0F35D21FFBFA100368F3A /* RappiTestUITests.xctest */ = {isa = PBXFileReference; explicitFileType = wrapper.cfbundle; includeInIndex = 0; path = RappiTestUITests.xctest; sourceTree = BUILT_PRODUCTS_DIR; };
		6FA0F36121FFBFA100368F3A /* RappiTestUITests.swift */ = {isa = PBXFileReference; lastKnownFileType = sourcecode.swift; path = RappiTestUITests.swift; sourceTree = "<group>"; };
		6FA0F36321FFBFA100368F3A /* Info.plist */ = {isa = PBXFileReference; lastKnownFileType = text.plist.xml; path = Info.plist; sourceTree = "<group>"; };
		6FA0F37022005EC400368F3A /* ApiClient.swift */ = {isa = PBXFileReference; lastKnownFileType = sourcecode.swift; path = ApiClient.swift; sourceTree = "<group>"; };
		6FA0F37222005F0900368F3A /* ApiClientRouter.swift */ = {isa = PBXFileReference; lastKnownFileType = sourcecode.swift; path = ApiClientRouter.swift; sourceTree = "<group>"; };
		6FA0F37422005F2500368F3A /* Result.swift */ = {isa = PBXFileReference; lastKnownFileType = sourcecode.swift; path = Result.swift; sourceTree = "<group>"; };
		6FA0F37A22005FBB00368F3A /* Movie.swift */ = {isa = PBXFileReference; lastKnownFileType = sourcecode.swift; path = Movie.swift; sourceTree = "<group>"; };
		6FA0F37C220209FF00368F3A /* MovieCellViewModel.swift */ = {isa = PBXFileReference; lastKnownFileType = sourcecode.swift; path = MovieCellViewModel.swift; sourceTree = "<group>"; };
		6FA0F37F22020B0600368F3A /* UITableView.swift */ = {isa = PBXFileReference; lastKnownFileType = sourcecode.swift; path = UITableView.swift; sourceTree = "<group>"; };
		6FA0F38122020B3D00368F3A /* UITableViewCell.swift */ = {isa = PBXFileReference; lastKnownFileType = sourcecode.swift; path = UITableViewCell.swift; sourceTree = "<group>"; };
		6FA0F38422022DA700368F3A /* MovieDetailViewController.xib */ = {isa = PBXFileReference; lastKnownFileType = file.xib; path = MovieDetailViewController.xib; sourceTree = "<group>"; };
		6FA0F38522022DA700368F3A /* MovieDetailViewController.swift */ = {isa = PBXFileReference; lastKnownFileType = sourcecode.swift; path = MovieDetailViewController.swift; sourceTree = "<group>"; };
		6FA0F3882202313700368F3A /* Navigator.swift */ = {isa = PBXFileReference; lastKnownFileType = sourcecode.swift; path = Navigator.swift; sourceTree = "<group>"; };
		9221A2882200DD3E00170330 /* MovieRequest.swift */ = {isa = PBXFileReference; lastKnownFileType = sourcecode.swift; path = MovieRequest.swift; sourceTree = "<group>"; };
		9221A28B2200EDC100170330 /* MovieService.swift */ = {isa = PBXFileReference; lastKnownFileType = sourcecode.swift; path = MovieService.swift; sourceTree = "<group>"; };
		9221A28E220119CB00170330 /* MoviesListViewController.swift */ = {isa = PBXFileReference; lastKnownFileType = sourcecode.swift; path = MoviesListViewController.swift; sourceTree = "<group>"; };
		9221A28F220119CB00170330 /* MoviesListViewController.xib */ = {isa = PBXFileReference; lastKnownFileType = file.xib; path = MoviesListViewController.xib; sourceTree = "<group>"; };
		9221A292220119E000170330 /* MoviesListViewModel.swift */ = {isa = PBXFileReference; lastKnownFileType = sourcecode.swift; path = MoviesListViewModel.swift; sourceTree = "<group>"; };
		9221A29522011AE000170330 /* MovieCell.swift */ = {isa = PBXFileReference; lastKnownFileType = sourcecode.swift; path = MovieCell.swift; sourceTree = "<group>"; };
		9221A29622011AE000170330 /* MovieCell.xib */ = {isa = PBXFileReference; lastKnownFileType = file.xib; path = MovieCell.xib; sourceTree = "<group>"; };
/* End PBXFileReference section */

/* Begin PBXFrameworksBuildPhase section */
		6FA0F33821FFBF9F00368F3A /* Frameworks */ = {
			isa = PBXFrameworksBuildPhase;
			buildActionMask = 2147483647;
			files = (
			);
			runOnlyForDeploymentPostprocessing = 0;
		};
		6FA0F34F21FFBFA100368F3A /* Frameworks */ = {
			isa = PBXFrameworksBuildPhase;
			buildActionMask = 2147483647;
			files = (
			);
			runOnlyForDeploymentPostprocessing = 0;
		};
		6FA0F35A21FFBFA100368F3A /* Frameworks */ = {
			isa = PBXFrameworksBuildPhase;
			buildActionMask = 2147483647;
			files = (
			);
			runOnlyForDeploymentPostprocessing = 0;
		};
/* End PBXFrameworksBuildPhase section */

/* Begin PBXGroup section */
		6FA0F33221FFBF9E00368F3A = {
			isa = PBXGroup;
			children = (
				6FA0F33D21FFBF9F00368F3A /* RappiTest */,
				6FA0F35521FFBFA100368F3A /* RappiTestTests */,
				6FA0F36021FFBFA100368F3A /* RappiTestUITests */,
				6FA0F33C21FFBF9F00368F3A /* Products */,
			);
			sourceTree = "<group>";
		};
		6FA0F33C21FFBF9F00368F3A /* Products */ = {
			isa = PBXGroup;
			children = (
				6FA0F33B21FFBF9F00368F3A /* RappiTest.app */,
				6FA0F35221FFBFA100368F3A /* RappiTestTests.xctest */,
				6FA0F35D21FFBFA100368F3A /* RappiTestUITests.xctest */,
			);
			name = Products;
			sourceTree = "<group>";
		};
		6FA0F33D21FFBF9F00368F3A /* RappiTest */ = {
			isa = PBXGroup;
			children = (
				6FA0F33E21FFBF9F00368F3A /* AppDelegate.swift */,
				6FA0F3882202313700368F3A /* Navigator.swift */,
				6FA0F37622005F3C00368F3A /* UI */,
				6FA0F37922005F8000368F3A /* Model */,
				6FA0F36F22005EB600368F3A /* Networking */,
				6FA0F37E22020AF300368F3A /* Extension */,
				6FA0F38F2202519200368F3A /* Entities */,
				6FA0F37822005F5A00368F3A /* Supporting */,
				6FA0F34821FFBFA100368F3A /* Assets.xcassets */,
				6FA0F34521FFBF9F00368F3A /* RappiTest.xcdatamodeld */,
			);
			path = RappiTest;
			sourceTree = "<group>";
		};
		6FA0F35521FFBFA100368F3A /* RappiTestTests */ = {
			isa = PBXGroup;
			children = (
				6FA0F35621FFBFA100368F3A /* RappiTestTests.swift */,
				6FA0F35821FFBFA100368F3A /* Info.plist */,
			);
			path = RappiTestTests;
			sourceTree = "<group>";
		};
		6FA0F36021FFBFA100368F3A /* RappiTestUITests */ = {
			isa = PBXGroup;
			children = (
				6FA0F36121FFBFA100368F3A /* RappiTestUITests.swift */,
				6FA0F36321FFBFA100368F3A /* Info.plist */,
			);
			path = RappiTestUITests;
			sourceTree = "<group>";
		};
		6FA0F36F22005EB600368F3A /* Networking */ = {
			isa = PBXGroup;
			children = (
				9221A28A2200EDA800170330 /* Service */,
				6FA0F37022005EC400368F3A /* ApiClient.swift */,
				6FA0F37222005F0900368F3A /* ApiClientRouter.swift */,
				6FA0F37422005F2500368F3A /* Result.swift */,
			);
			path = Networking;
			sourceTree = "<group>";
		};
		6FA0F37622005F3C00368F3A /* UI */ = {
			isa = PBXGroup;
			children = (
				6FA0F38322022D8400368F3A /* MovieDetail */,
				9221A28D2201184000170330 /* MoviesList */,
				6FA0F37722005F4B00368F3A /* Launch */,
			);
			path = UI;
			sourceTree = "<group>";
		};
		6FA0F37722005F4B00368F3A /* Launch */ = {
			isa = PBXGroup;
			children = (
				6FA0F34A21FFBFA100368F3A /* LaunchScreen.storyboard */,
			);
			path = Launch;
			sourceTree = "<group>";
		};
		6FA0F37822005F5A00368F3A /* Supporting */ = {
			isa = PBXGroup;
			children = (
				6FA0F34D21FFBFA100368F3A /* Info.plist */,
			);
			path = Supporting;
			sourceTree = "<group>";
		};
		6FA0F37922005F8000368F3A /* Model */ = {
			isa = PBXGroup;
			children = (
				6FA0F37A22005FBB00368F3A /* Movie.swift */,
				9221A2882200DD3E00170330 /* MovieRequest.swift */,
			);
			path = Model;
			sourceTree = "<group>";
		};
		6FA0F37E22020AF300368F3A /* Extension */ = {
			isa = PBXGroup;
			children = (
				6FA0F37F22020B0600368F3A /* UITableView.swift */,
				6FA0F38122020B3D00368F3A /* UITableViewCell.swift */,
			);
			path = Extension;
			sourceTree = "<group>";
		};
		6FA0F38322022D8400368F3A /* MovieDetail */ = {
			isa = PBXGroup;
			children = (
				6FA0F38422022DA700368F3A /* MovieDetailViewController.xib */,
				6FA0F38522022DA700368F3A /* MovieDetailViewController.swift */,
			);
			path = MovieDetail;
			sourceTree = "<group>";
		};
		6FA0F38F2202519200368F3A /* Entities */ = {
			isa = PBXGroup;
			children = (
			);
			path = Entities;
			sourceTree = "<group>";
		};
		9221A28A2200EDA800170330 /* Service */ = {
			isa = PBXGroup;
			children = (
				9221A28B2200EDC100170330 /* MovieService.swift */,
			);
			path = Service;
			sourceTree = "<group>";
		};
		9221A28D2201184000170330 /* MoviesList */ = {
			isa = PBXGroup;
			children = (
				9221A29422011A9C00170330 /* Cell */,
				9221A28E220119CB00170330 /* MoviesListViewController.swift */,
				9221A28F220119CB00170330 /* MoviesListViewController.xib */,
				9221A292220119E000170330 /* MoviesListViewModel.swift */,
			);
			path = MoviesList;
			sourceTree = "<group>";
		};
		9221A29422011A9C00170330 /* Cell */ = {
			isa = PBXGroup;
			children = (
				9221A29522011AE000170330 /* MovieCell.swift */,
				9221A29622011AE000170330 /* MovieCell.xib */,
				6FA0F37C220209FF00368F3A /* MovieCellViewModel.swift */,
			);
			path = Cell;
			sourceTree = "<group>";
		};
/* End PBXGroup section */

/* Begin PBXNativeTarget section */
		6FA0F33A21FFBF9F00368F3A /* RappiTest */ = {
			isa = PBXNativeTarget;
			buildConfigurationList = 6FA0F36621FFBFA100368F3A /* Build configuration list for PBXNativeTarget "RappiTest" */;
			buildPhases = (
				6FA0F33721FFBF9F00368F3A /* Sources */,
				6FA0F33821FFBF9F00368F3A /* Frameworks */,
				6FA0F33921FFBF9F00368F3A /* Resources */,
			);
			buildRules = (
			);
			dependencies = (
			);
			name = RappiTest;
			productName = RappiTest;
			productReference = 6FA0F33B21FFBF9F00368F3A /* RappiTest.app */;
			productType = "com.apple.product-type.application";
		};
		6FA0F35121FFBFA100368F3A /* RappiTestTests */ = {
			isa = PBXNativeTarget;
			buildConfigurationList = 6FA0F36921FFBFA100368F3A /* Build configuration list for PBXNativeTarget "RappiTestTests" */;
			buildPhases = (
				6FA0F34E21FFBFA100368F3A /* Sources */,
				6FA0F34F21FFBFA100368F3A /* Frameworks */,
				6FA0F35021FFBFA100368F3A /* Resources */,
			);
			buildRules = (
			);
			dependencies = (
				6FA0F35421FFBFA100368F3A /* PBXTargetDependency */,
			);
			name = RappiTestTests;
			productName = RappiTestTests;
			productReference = 6FA0F35221FFBFA100368F3A /* RappiTestTests.xctest */;
			productType = "com.apple.product-type.bundle.unit-test";
		};
		6FA0F35C21FFBFA100368F3A /* RappiTestUITests */ = {
			isa = PBXNativeTarget;
			buildConfigurationList = 6FA0F36C21FFBFA100368F3A /* Build configuration list for PBXNativeTarget "RappiTestUITests" */;
			buildPhases = (
				6FA0F35921FFBFA100368F3A /* Sources */,
				6FA0F35A21FFBFA100368F3A /* Frameworks */,
				6FA0F35B21FFBFA100368F3A /* Resources */,
			);
			buildRules = (
			);
			dependencies = (
				6FA0F35F21FFBFA100368F3A /* PBXTargetDependency */,
			);
			name = RappiTestUITests;
			productName = RappiTestUITests;
			productReference = 6FA0F35D21FFBFA100368F3A /* RappiTestUITests.xctest */;
			productType = "com.apple.product-type.bundle.ui-testing";
		};
/* End PBXNativeTarget section */

/* Begin PBXProject section */
		6FA0F33321FFBF9E00368F3A /* Project object */ = {
			isa = PBXProject;
			attributes = {
				LastSwiftUpdateCheck = 1010;
				LastUpgradeCheck = 1010;
				ORGANIZATIONNAME = "Luis Arias";
				TargetAttributes = {
					6FA0F33A21FFBF9F00368F3A = {
						CreatedOnToolsVersion = 10.1;
					};
					6FA0F35121FFBFA100368F3A = {
						CreatedOnToolsVersion = 10.1;
						TestTargetID = 6FA0F33A21FFBF9F00368F3A;
					};
					6FA0F35C21FFBFA100368F3A = {
						CreatedOnToolsVersion = 10.1;
						TestTargetID = 6FA0F33A21FFBF9F00368F3A;
					};
				};
			};
			buildConfigurationList = 6FA0F33621FFBF9E00368F3A /* Build configuration list for PBXProject "RappiTest" */;
			compatibilityVersion = "Xcode 9.3";
			developmentRegion = en;
			hasScannedForEncodings = 0;
			knownRegions = (
				en,
				Base,
			);
			mainGroup = 6FA0F33221FFBF9E00368F3A;
			productRefGroup = 6FA0F33C21FFBF9F00368F3A /* Products */;
			projectDirPath = "";
			projectRoot = "";
			targets = (
				6FA0F33A21FFBF9F00368F3A /* RappiTest */,
				6FA0F35121FFBFA100368F3A /* RappiTestTests */,
				6FA0F35C21FFBFA100368F3A /* RappiTestUITests */,
			);
		};
/* End PBXProject section */

/* Begin PBXResourcesBuildPhase section */
		6FA0F33921FFBF9F00368F3A /* Resources */ = {
			isa = PBXResourcesBuildPhase;
			buildActionMask = 2147483647;
			files = (
				6FA0F38622022DA700368F3A /* MovieDetailViewController.xib in Resources */,
				6FA0F34C21FFBFA100368F3A /* LaunchScreen.storyboard in Resources */,
				6FA0F34921FFBFA100368F3A /* Assets.xcassets in Resources */,
				9221A29822011AE000170330 /* MovieCell.xib in Resources */,
				9221A291220119CB00170330 /* MoviesListViewController.xib in Resources */,
			);
			runOnlyForDeploymentPostprocessing = 0;
		};
		6FA0F35021FFBFA100368F3A /* Resources */ = {
			isa = PBXResourcesBuildPhase;
			buildActionMask = 2147483647;
			files = (
			);
			runOnlyForDeploymentPostprocessing = 0;
		};
		6FA0F35B21FFBFA100368F3A /* Resources */ = {
			isa = PBXResourcesBuildPhase;
			buildActionMask = 2147483647;
			files = (
			);
			runOnlyForDeploymentPostprocessing = 0;
		};
/* End PBXResourcesBuildPhase section */

/* Begin PBXSourcesBuildPhase section */
		6FA0F33721FFBF9F00368F3A /* Sources */ = {
			isa = PBXSourcesBuildPhase;
			buildActionMask = 2147483647;
			files = (
				6FA0F37B22005FBB00368F3A /* Movie.swift in Sources */,
				6FA0F38722022DA700368F3A /* MovieDetailViewController.swift in Sources */,
				6FA0F37522005F2500368F3A /* Result.swift in Sources */,
				9221A29722011AE000170330 /* MovieCell.swift in Sources */,
				6FA0F37322005F0900368F3A /* ApiClientRouter.swift in Sources */,
				6FA0F3892202313700368F3A /* Navigator.swift in Sources */,
				6FA0F34721FFBF9F00368F3A /* RappiTest.xcdatamodeld in Sources */,
				6FA0F38222020B3D00368F3A /* UITableViewCell.swift in Sources */,
				6FA0F33F21FFBF9F00368F3A /* AppDelegate.swift in Sources */,
				9221A28C2200EDC100170330 /* MovieService.swift in Sources */,
				6FA0F37D220209FF00368F3A /* MovieCellViewModel.swift in Sources */,
				9221A290220119CB00170330 /* MoviesListViewController.swift in Sources */,
				9221A293220119E000170330 /* MoviesListViewModel.swift in Sources */,
				6FA0F38022020B0600368F3A /* UITableView.swift in Sources */,
				9221A2892200DD3E00170330 /* MovieRequest.swift in Sources */,
				6FA0F37122005EC400368F3A /* ApiClient.swift in Sources */,
			);
			runOnlyForDeploymentPostprocessing = 0;
		};
		6FA0F34E21FFBFA100368F3A /* Sources */ = {
			isa = PBXSourcesBuildPhase;
			buildActionMask = 2147483647;
			files = (
				6FA0F35721FFBFA100368F3A /* RappiTestTests.swift in Sources */,
			);
			runOnlyForDeploymentPostprocessing = 0;
		};
		6FA0F35921FFBFA100368F3A /* Sources */ = {
			isa = PBXSourcesBuildPhase;
			buildActionMask = 2147483647;
			files = (
				6FA0F36221FFBFA100368F3A /* RappiTestUITests.swift in Sources */,
			);
			runOnlyForDeploymentPostprocessing = 0;
		};
/* End PBXSourcesBuildPhase section */

/* Begin PBXTargetDependency section */
		6FA0F35421FFBFA100368F3A /* PBXTargetDependency */ = {
			isa = PBXTargetDependency;
			target = 6FA0F33A21FFBF9F00368F3A /* RappiTest */;
			targetProxy = 6FA0F35321FFBFA100368F3A /* PBXContainerItemProxy */;
		};
		6FA0F35F21FFBFA100368F3A /* PBXTargetDependency */ = {
			isa = PBXTargetDependency;
			target = 6FA0F33A21FFBF9F00368F3A /* RappiTest */;
			targetProxy = 6FA0F35E21FFBFA100368F3A /* PBXContainerItemProxy */;
		};
/* End PBXTargetDependency section */

/* Begin PBXVariantGroup section */
		6FA0F34A21FFBFA100368F3A /* LaunchScreen.storyboard */ = {
			isa = PBXVariantGroup;
			children = (
				6FA0F34B21FFBFA100368F3A /* Base */,
			);
			name = LaunchScreen.storyboard;
			sourceTree = "<group>";
		};
/* End PBXVariantGroup section */

/* Begin XCBuildConfiguration section */
		6FA0F36421FFBFA100368F3A /* Debug */ = {
			isa = XCBuildConfiguration;
			buildSettings = {
				ALWAYS_SEARCH_USER_PATHS = NO;
				CLANG_ANALYZER_NONNULL = YES;
				CLANG_ANALYZER_NUMBER_OBJECT_CONVERSION = YES_AGGRESSIVE;
				CLANG_CXX_LANGUAGE_STANDARD = "gnu++14";
				CLANG_CXX_LIBRARY = "libc++";
				CLANG_ENABLE_MODULES = YES;
				CLANG_ENABLE_OBJC_ARC = YES;
				CLANG_ENABLE_OBJC_WEAK = YES;
				CLANG_WARN_BLOCK_CAPTURE_AUTORELEASING = YES;
				CLANG_WARN_BOOL_CONVERSION = YES;
				CLANG_WARN_COMMA = YES;
				CLANG_WARN_CONSTANT_CONVERSION = YES;
				CLANG_WARN_DEPRECATED_OBJC_IMPLEMENTATIONS = YES;
				CLANG_WARN_DIRECT_OBJC_ISA_USAGE = YES_ERROR;
				CLANG_WARN_DOCUMENTATION_COMMENTS = YES;
				CLANG_WARN_EMPTY_BODY = YES;
				CLANG_WARN_ENUM_CONVERSION = YES;
				CLANG_WARN_INFINITE_RECURSION = YES;
				CLANG_WARN_INT_CONVERSION = YES;
				CLANG_WARN_NON_LITERAL_NULL_CONVERSION = YES;
				CLANG_WARN_OBJC_IMPLICIT_RETAIN_SELF = YES;
				CLANG_WARN_OBJC_LITERAL_CONVERSION = YES;
				CLANG_WARN_OBJC_ROOT_CLASS = YES_ERROR;
				CLANG_WARN_RANGE_LOOP_ANALYSIS = YES;
				CLANG_WARN_STRICT_PROTOTYPES = YES;
				CLANG_WARN_SUSPICIOUS_MOVE = YES;
				CLANG_WARN_UNGUARDED_AVAILABILITY = YES_AGGRESSIVE;
				CLANG_WARN_UNREACHABLE_CODE = YES;
				CLANG_WARN__DUPLICATE_METHOD_MATCH = YES;
				CODE_SIGN_IDENTITY = "iPhone Developer";
				COPY_PHASE_STRIP = NO;
				DEBUG_INFORMATION_FORMAT = dwarf;
				ENABLE_STRICT_OBJC_MSGSEND = YES;
				ENABLE_TESTABILITY = YES;
				GCC_C_LANGUAGE_STANDARD = gnu11;
				GCC_DYNAMIC_NO_PIC = NO;
				GCC_NO_COMMON_BLOCKS = YES;
				GCC_OPTIMIZATION_LEVEL = 0;
				GCC_PREPROCESSOR_DEFINITIONS = (
					"DEBUG=1",
					"$(inherited)",
				);
				GCC_WARN_64_TO_32_BIT_CONVERSION = YES;
				GCC_WARN_ABOUT_RETURN_TYPE = YES_ERROR;
				GCC_WARN_UNDECLARED_SELECTOR = YES;
				GCC_WARN_UNINITIALIZED_AUTOS = YES_AGGRESSIVE;
				GCC_WARN_UNUSED_FUNCTION = YES;
				GCC_WARN_UNUSED_VARIABLE = YES;
				IPHONEOS_DEPLOYMENT_TARGET = 12.1;
				MTL_ENABLE_DEBUG_INFO = INCLUDE_SOURCE;
				MTL_FAST_MATH = YES;
				ONLY_ACTIVE_ARCH = YES;
				SDKROOT = iphoneos;
				SWIFT_ACTIVE_COMPILATION_CONDITIONS = DEBUG;
				SWIFT_OPTIMIZATION_LEVEL = "-Onone";
			};
			name = Debug;
		};
		6FA0F36521FFBFA100368F3A /* Release */ = {
			isa = XCBuildConfiguration;
			buildSettings = {
				ALWAYS_SEARCH_USER_PATHS = NO;
				CLANG_ANALYZER_NONNULL = YES;
				CLANG_ANALYZER_NUMBER_OBJECT_CONVERSION = YES_AGGRESSIVE;
				CLANG_CXX_LANGUAGE_STANDARD = "gnu++14";
				CLANG_CXX_LIBRARY = "libc++";
				CLANG_ENABLE_MODULES = YES;
				CLANG_ENABLE_OBJC_ARC = YES;
				CLANG_ENABLE_OBJC_WEAK = YES;
				CLANG_WARN_BLOCK_CAPTURE_AUTORELEASING = YES;
				CLANG_WARN_BOOL_CONVERSION = YES;
				CLANG_WARN_COMMA = YES;
				CLANG_WARN_CONSTANT_CONVERSION = YES;
				CLANG_WARN_DEPRECATED_OBJC_IMPLEMENTATIONS = YES;
				CLANG_WARN_DIRECT_OBJC_ISA_USAGE = YES_ERROR;
				CLANG_WARN_DOCUMENTATION_COMMENTS = YES;
				CLANG_WARN_EMPTY_BODY = YES;
				CLANG_WARN_ENUM_CONVERSION = YES;
				CLANG_WARN_INFINITE_RECURSION = YES;
				CLANG_WARN_INT_CONVERSION = YES;
				CLANG_WARN_NON_LITERAL_NULL_CONVERSION = YES;
				CLANG_WARN_OBJC_IMPLICIT_RETAIN_SELF = YES;
				CLANG_WARN_OBJC_LITERAL_CONVERSION = YES;
				CLANG_WARN_OBJC_ROOT_CLASS = YES_ERROR;
				CLANG_WARN_RANGE_LOOP_ANALYSIS = YES;
				CLANG_WARN_STRICT_PROTOTYPES = YES;
				CLANG_WARN_SUSPICIOUS_MOVE = YES;
				CLANG_WARN_UNGUARDED_AVAILABILITY = YES_AGGRESSIVE;
				CLANG_WARN_UNREACHABLE_CODE = YES;
				CLANG_WARN__DUPLICATE_METHOD_MATCH = YES;
				CODE_SIGN_IDENTITY = "iPhone Developer";
				COPY_PHASE_STRIP = NO;
				DEBUG_INFORMATION_FORMAT = "dwarf-with-dsym";
				ENABLE_NS_ASSERTIONS = NO;
				ENABLE_STRICT_OBJC_MSGSEND = YES;
				GCC_C_LANGUAGE_STANDARD = gnu11;
				GCC_NO_COMMON_BLOCKS = YES;
				GCC_WARN_64_TO_32_BIT_CONVERSION = YES;
				GCC_WARN_ABOUT_RETURN_TYPE = YES_ERROR;
				GCC_WARN_UNDECLARED_SELECTOR = YES;
				GCC_WARN_UNINITIALIZED_AUTOS = YES_AGGRESSIVE;
				GCC_WARN_UNUSED_FUNCTION = YES;
				GCC_WARN_UNUSED_VARIABLE = YES;
				IPHONEOS_DEPLOYMENT_TARGET = 12.1;
				MTL_ENABLE_DEBUG_INFO = NO;
				MTL_FAST_MATH = YES;
				SDKROOT = iphoneos;
				SWIFT_COMPILATION_MODE = wholemodule;
				SWIFT_OPTIMIZATION_LEVEL = "-O";
				VALIDATE_PRODUCT = YES;
			};
			name = Release;
		};
		6FA0F36721FFBFA100368F3A /* Debug */ = {
			isa = XCBuildConfiguration;
			buildSettings = {
				ASSETCATALOG_COMPILER_APPICON_NAME = AppIcon;
				CODE_SIGN_STYLE = Automatic;
				INFOPLIST_FILE = "$(SRCROOT)/RappiTest/Supporting/Info.plist";
				LD_RUNPATH_SEARCH_PATHS = (
					"$(inherited)",
					"@executable_path/Frameworks",
				);
				PRODUCT_BUNDLE_IDENTIFIER = luis.RappiTest;
				PRODUCT_NAME = "$(TARGET_NAME)";
				SWIFT_VERSION = 4.2;
				TARGETED_DEVICE_FAMILY = "1,2";
			};
			name = Debug;
		};
		6FA0F36821FFBFA100368F3A /* Release */ = {
			isa = XCBuildConfiguration;
			buildSettings = {
				ASSETCATALOG_COMPILER_APPICON_NAME = AppIcon;
				CODE_SIGN_STYLE = Automatic;
				INFOPLIST_FILE = "$(SRCROOT)/RappiTest/Supporting/Info.plist";
				LD_RUNPATH_SEARCH_PATHS = (
					"$(inherited)",
					"@executable_path/Frameworks",
				);
				PRODUCT_BUNDLE_IDENTIFIER = luis.RappiTest;
				PRODUCT_NAME = "$(TARGET_NAME)";
				SWIFT_VERSION = 4.2;
				TARGETED_DEVICE_FAMILY = "1,2";
			};
			name = Release;
		};
		6FA0F36A21FFBFA100368F3A /* Debug */ = {
			isa = XCBuildConfiguration;
			buildSettings = {
				ALWAYS_EMBED_SWIFT_STANDARD_LIBRARIES = YES;
				BUNDLE_LOADER = "$(TEST_HOST)";
				CODE_SIGN_STYLE = Automatic;
				INFOPLIST_FILE = RappiTestTests/Info.plist;
				LD_RUNPATH_SEARCH_PATHS = (
					"$(inherited)",
					"@executable_path/Frameworks",
					"@loader_path/Frameworks",
				);
				PRODUCT_BUNDLE_IDENTIFIER = luis.RappiTestTests;
				PRODUCT_NAME = "$(TARGET_NAME)";
				SWIFT_VERSION = 4.2;
				TARGETED_DEVICE_FAMILY = "1,2";
				TEST_HOST = "$(BUILT_PRODUCTS_DIR)/RappiTest.app/RappiTest";
			};
			name = Debug;
		};
		6FA0F36B21FFBFA100368F3A /* Release */ = {
			isa = XCBuildConfiguration;
			buildSettings = {
				ALWAYS_EMBED_SWIFT_STANDARD_LIBRARIES = YES;
				BUNDLE_LOADER = "$(TEST_HOST)";
				CODE_SIGN_STYLE = Automatic;
				INFOPLIST_FILE = RappiTestTests/Info.plist;
				LD_RUNPATH_SEARCH_PATHS = (
					"$(inherited)",
					"@executable_path/Frameworks",
					"@loader_path/Frameworks",
				);
				PRODUCT_BUNDLE_IDENTIFIER = luis.RappiTestTests;
				PRODUCT_NAME = "$(TARGET_NAME)";
				SWIFT_VERSION = 4.2;
				TARGETED_DEVICE_FAMILY = "1,2";
				TEST_HOST = "$(BUILT_PRODUCTS_DIR)/RappiTest.app/RappiTest";
			};
			name = Release;
		};
		6FA0F36D21FFBFA100368F3A /* Debug */ = {
			isa = XCBuildConfiguration;
			buildSettings = {
				ALWAYS_EMBED_SWIFT_STANDARD_LIBRARIES = YES;
				CODE_SIGN_STYLE = Automatic;
				INFOPLIST_FILE = RappiTestUITests/Info.plist;
				LD_RUNPATH_SEARCH_PATHS = (
					"$(inherited)",
					"@executable_path/Frameworks",
					"@loader_path/Frameworks",
				);
				PRODUCT_BUNDLE_IDENTIFIER = luis.RappiTestUITests;
				PRODUCT_NAME = "$(TARGET_NAME)";
				SWIFT_VERSION = 4.2;
				TARGETED_DEVICE_FAMILY = "1,2";
				TEST_TARGET_NAME = RappiTest;
			};
			name = Debug;
		};
		6FA0F36E21FFBFA100368F3A /* Release */ = {
			isa = XCBuildConfiguration;
			buildSettings = {
				ALWAYS_EMBED_SWIFT_STANDARD_LIBRARIES = YES;
				CODE_SIGN_STYLE = Automatic;
				INFOPLIST_FILE = RappiTestUITests/Info.plist;
				LD_RUNPATH_SEARCH_PATHS = (
					"$(inherited)",
					"@executable_path/Frameworks",
					"@loader_path/Frameworks",
				);
				PRODUCT_BUNDLE_IDENTIFIER = luis.RappiTestUITests;
				PRODUCT_NAME = "$(TARGET_NAME)";
				SWIFT_VERSION = 4.2;
				TARGETED_DEVICE_FAMILY = "1,2";
				TEST_TARGET_NAME = RappiTest;
			};
			name = Release;
		};
/* End XCBuildConfiguration section */

/* Begin XCConfigurationList section */
		6FA0F33621FFBF9E00368F3A /* Build configuration list for PBXProject "RappiTest" */ = {
			isa = XCConfigurationList;
			buildConfigurations = (
				6FA0F36421FFBFA100368F3A /* Debug */,
				6FA0F36521FFBFA100368F3A /* Release */,
			);
			defaultConfigurationIsVisible = 0;
			defaultConfigurationName = Release;
		};
		6FA0F36621FFBFA100368F3A /* Build configuration list for PBXNativeTarget "RappiTest" */ = {
			isa = XCConfigurationList;
			buildConfigurations = (
				6FA0F36721FFBFA100368F3A /* Debug */,
				6FA0F36821FFBFA100368F3A /* Release */,
			);
			defaultConfigurationIsVisible = 0;
			defaultConfigurationName = Release;
		};
		6FA0F36921FFBFA100368F3A /* Build configuration list for PBXNativeTarget "RappiTestTests" */ = {
			isa = XCConfigurationList;
			buildConfigurations = (
				6FA0F36A21FFBFA100368F3A /* Debug */,
				6FA0F36B21FFBFA100368F3A /* Release */,
			);
			defaultConfigurationIsVisible = 0;
			defaultConfigurationName = Release;
		};
		6FA0F36C21FFBFA100368F3A /* Build configuration list for PBXNativeTarget "RappiTestUITests" */ = {
			isa = XCConfigurationList;
			buildConfigurations = (
				6FA0F36D21FFBFA100368F3A /* Debug */,
				6FA0F36E21FFBFA100368F3A /* Release */,
			);
			defaultConfigurationIsVisible = 0;
			defaultConfigurationName = Release;
		};
/* End XCConfigurationList section */

/* Begin XCVersionGroup section */
		6FA0F34521FFBF9F00368F3A /* RappiTest.xcdatamodeld */ = {
			isa = XCVersionGroup;
			children = (
				6FA0F34621FFBF9F00368F3A /* RappiTest.xcdatamodel */,
			);
			currentVersion = 6FA0F34621FFBF9F00368F3A /* RappiTest.xcdatamodel */;
			path = RappiTest.xcdatamodeld;
			sourceTree = "<group>";
			versionGroupType = wrapper.xcdatamodel;
		};
/* End XCVersionGroup section */
	};
	rootObject = 6FA0F33321FFBF9E00368F3A /* Project object */;
}
